
Microsoft Visual Studio Solution File, Format Version 12.00
# Visual Studio Version 16
VisualStudioVersion = 16.0.32602.291
MinimumVisualStudioVersion = 10.0.40219.1
Project("{2150E333-8FDC-42A3-9474-1A3956D46DE8}") = "Web", "Web", "{E389DEB6-5F90-444B-A054-12A10D39C76F}"
EndProject
Project("{9A19103F-16F7-4668-BE54-9A1E7A4F7556}") = "Chess.Web", "Web\Chess.Web\Chess.Web.csproj", "{B90D1067-FE4C-400E-BA78-5413E30AB9ED}"
EndProject
Project("{2150E333-8FDC-42A3-9474-1A3956D46DE8}") = "Tests", "Tests", "{7A731632-6714-44E2-A9E4-069EBA9E666C}"
EndProject
Project("{9A19103F-16F7-4668-BE54-9A1E7A4F7556}") = "Sandbox", "Tests\Sandbox\Sandbox.csproj", "{8AB6B92A-0837-4BDE-B950-10BE3FF2B6A8}"
EndProject
Project("{9A19103F-16F7-4668-BE54-9A1E7A4F7556}") = "Chess.Web.ViewModels", "Web\Chess.Web.ViewModels\Chess.Web.ViewModels.csproj", "{13B7AACB-9C85-4409-8D4B-95A67D0DFFF7}"
EndProject
Project("{9A19103F-16F7-4668-BE54-9A1E7A4F7556}") = "Chess.Common", "BL\Chess.Common\Chess.Common.csproj", "{6FD0D28A-CA76-48A9-8D06-CC667329CF35}"
EndProject
Project("{2150E333-8FDC-42A3-9474-1A3956D46DE8}") = "BL", "BL", "{D9842531-1234-4EC9-8FF9-F089FC9E63F3}"
EndProject
Project("{2150E333-8FDC-42A3-9474-1A3956D46DE8}") = "DAL", "DAL", "{EB057A70-FF14-4D5C-A31D-5EA63D3BB10E}"
EndProject
Project("{2150E333-8FDC-42A3-9474-1A3956D46DE8}") = "Enity", "Enity", "{06EF9650-A4EC-47E9-B512-6593F2581237}"
EndProject
Project("{9A19103F-16F7-4668-BE54-9A1E7A4F7556}") = "Chess.Data", "DAL\Chess.Data\Chess.Data.csproj", "{2651E168-D2CE-4AC3-9B51-84F9B2553F79}"
EndProject
Project("{9A19103F-16F7-4668-BE54-9A1E7A4F7556}") = "Chess.Data.Common", "DAL\Chess.Data.Common\Chess.Data.Common.csproj", "{2251A535-28AF-4B03-85F6-B12A41DF02D9}"
EndProject
Project("{9A19103F-16F7-4668-BE54-9A1E7A4F7556}") = "Chess.Data.Models", "DAL\Chess.Data.Models\Chess.Data.Models.csproj", "{F2E5D701-AAD8-4E05-B6EE-E8107821DE9B}"
EndProject
Project("{9A19103F-16F7-4668-BE54-9A1E7A4F7556}") = "Chess.Services.Data", "Enity\Chess.Services.Data\Chess.Services.Data.csproj", "{B83D80ED-1E70-4AB9-9AB8-90E559B20119}"
EndProject
Project("{9A19103F-16F7-4668-BE54-9A1E7A4F7556}") = "Chess.Services.Mapping", "Enity\Chess.Services.Mapping\Chess.Services.Mapping.csproj", "{C4DFA2D8-D921-4346-9192-94FD689A3A23}"
EndProject
Project("{9A19103F-16F7-4668-BE54-9A1E7A4F7556}") = "Chess.Services.Messaging", "Enity\Chess.Services.Messaging\Chess.Services.Messaging.csproj", "{0254B140-2E52-451C-94E5-E1588142D3B7}"
EndProject
Global
	GlobalSection(SolutionConfigurationPlatforms) = preSolution
		Debug|Any CPU = Debug|Any CPU
		Release|Any CPU = Release|Any CPU
	EndGlobalSection
	GlobalSection(ProjectConfigurationPlatforms) = postSolution
		{B90D1067-FE4C-400E-BA78-5413E30AB9ED}.Debug|Any CPU.ActiveCfg = Debug|Any CPU
		{B90D1067-FE4C-400E-BA78-5413E30AB9ED}.Debug|Any CPU.Build.0 = Debug|Any CPU
		{B90D1067-FE4C-400E-BA78-5413E30AB9ED}.Release|Any CPU.ActiveCfg = Release|Any CPU
		{B90D1067-FE4C-400E-BA78-5413E30AB9ED}.Release|Any CPU.Build.0 = Release|Any CPU
		{8AB6B92A-0837-4BDE-B950-10BE3FF2B6A8}.Debug|Any CPU.ActiveCfg = Debug|Any CPU
		{8AB6B92A-0837-4BDE-B950-10BE3FF2B6A8}.Debug|Any CPU.Build.0 = Debug|Any CPU
		{8AB6B92A-0837-4BDE-B950-10BE3FF2B6A8}.Release|Any CPU.ActiveCfg = Release|Any CPU
		{8AB6B92A-0837-4BDE-B950-10BE3FF2B6A8}.Release|Any CPU.Build.0 = Release|Any CPU
		{13B7AACB-9C85-4409-8D4B-95A67D0DFFF7}.Debug|Any CPU.ActiveCfg = Debug|Any CPU
		{13B7AACB-9C85-4409-8D4B-95A67D0DFFF7}.Debug|Any CPU.Build.0 = Debug|Any CPU
		{13B7AACB-9C85-4409-8D4B-95A67D0DFFF7}.Release|Any CPU.ActiveCfg = Release|Any CPU
		{13B7AACB-9C85-4409-8D4B-95A67D0DFFF7}.Release|Any CPU.Build.0 = Release|Any CPU
		{6FD0D28A-CA76-48A9-8D06-CC667329CF35}.Debug|Any CPU.ActiveCfg = Debug|Any CPU
		{6FD0D28A-CA76-48A9-8D06-CC667329CF35}.Debug|Any CPU.Build.0 = Debug|Any CPU
		{6FD0D28A-CA76-48A9-8D06-CC667329CF35}.Release|Any CPU.ActiveCfg = Release|Any CPU
		{6FD0D28A-CA76-48A9-8D06-CC667329CF35}.Release|Any CPU.Build.0 = Release|Any CPU
		{2651E168-D2CE-4AC3-9B51-84F9B2553F79}.Debug|Any CPU.ActiveCfg = Debug|Any CPU
		{2651E168-D2CE-4AC3-9B51-84F9B2553F79}.Debug|Any CPU.Build.0 = Debug|Any CPU
		{2651E168-D2CE-4AC3-9B51-84F9B2553F79}.Release|Any CPU.ActiveCfg = Release|Any CPU
		{2651E168-D2CE-4AC3-9B51-84F9B2553F79}.Release|Any CPU.Build.0 = Release|Any CPU
		{2251A535-28AF-4B03-85F6-B12A41DF02D9}.Debug|Any CPU.ActiveCfg = Debug|Any CPU
		{2251A535-28AF-4B03-85F6-B12A41DF02D9}.Debug|Any CPU.Build.0 = Debug|Any CPU
		{2251A535-28AF-4B03-85F6-B12A41DF02D9}.Release|Any CPU.ActiveCfg = Release|Any CPU
		{2251A535-28AF-4B03-85F6-B12A41DF02D9}.Release|Any CPU.Build.0 = Release|Any CPU
		{F2E5D701-AAD8-4E05-B6EE-E8107821DE9B}.Debug|Any CPU.ActiveCfg = Debug|Any CPU
		{F2E5D701-AAD8-4E05-B6EE-E8107821DE9B}.Debug|Any CPU.Build.0 = Debug|Any CPU
		{F2E5D701-AAD8-4E05-B6EE-E8107821DE9B}.Release|Any CPU.ActiveCfg = Release|Any CPU
		{F2E5D701-AAD8-4E05-B6EE-E8107821DE9B}.Release|Any CPU.Build.0 = Release|Any CPU
		{B83D80ED-1E70-4AB9-9AB8-90E559B20119}.Debug|Any CPU.ActiveCfg = Debug|Any CPU
		{B83D80ED-1E70-4AB9-9AB8-90E559B20119}.Debug|Any CPU.Build.0 = Debug|Any CPU
		{B83D80ED-1E70-4AB9-9AB8-90E559B20119}.Release|Any CPU.ActiveCfg = Release|Any CPU
		{B83D80ED-1E70-4AB9-9AB8-90E559B20119}.Release|Any CPU.Build.0 = Release|Any CPU
		{C4DFA2D8-D921-4346-9192-94FD689A3A23}.Debug|Any CPU.ActiveCfg = Debug|Any CPU
		{C4DFA2D8-D921-4346-9192-94FD689A3A23}.Debug|Any CPU.Build.0 = Debug|Any CPU
		{C4DFA2D8-D921-4346-9192-94FD689A3A23}.Release|Any CPU.ActiveCfg = Release|Any CPU
		{C4DFA2D8-D921-4346-9192-94FD689A3A23}.Release|Any CPU.Build.0 = Release|Any CPU
		{0254B140-2E52-451C-94E5-E1588142D3B7}.Debug|Any CPU.ActiveCfg = Debug|Any CPU
		{0254B140-2E52-451C-94E5-E1588142D3B7}.Debug|Any CPU.Build.0 = Debug|Any CPU
		{0254B140-2E52-451C-94E5-E1588142D3B7}.Release|Any CPU.ActiveCfg = Release|Any CPU
		{0254B140-2E52-451C-94E5-E1588142D3B7}.Release|Any CPU.Build.0 = Release|Any CPU
	EndGlobalSection
	GlobalSection(SolutionProperties) = preSolution
		HideSolutionNode = FALSE
	EndGlobalSection
	GlobalSection(NestedProjects) = preSolution
		{B90D1067-FE4C-400E-BA78-5413E30AB9ED} = {E389DEB6-5F90-444B-A054-12A10D39C76F}
		{8AB6B92A-0837-4BDE-B950-10BE3FF2B6A8} = {7A731632-6714-44E2-A9E4-069EBA9E666C}
		{13B7AACB-9C85-4409-8D4B-95A67D0DFFF7} = {E389DEB6-5F90-444B-A054-12A10D39C76F}
		{6FD0D28A-CA76-48A9-8D06-CC667329CF35} = {D9842531-1234-4EC9-8FF9-F089FC9E63F3}
		{2651E168-D2CE-4AC3-9B51-84F9B2553F79} = {EB057A70-FF14-4D5C-A31D-5EA63D3BB10E}
		{2251A535-28AF-4B03-85F6-B12A41DF02D9} = {EB057A70-FF14-4D5C-A31D-5EA63D3BB10E}
		{F2E5D701-AAD8-4E05-B6EE-E8107821DE9B} = {EB057A70-FF14-4D5C-A31D-5EA63D3BB10E}
		{B83D80ED-1E70-4AB9-9AB8-90E559B20119} = {06EF9650-A4EC-47E9-B512-6593F2581237}
		{C4DFA2D8-D921-4346-9192-94FD689A3A23} = {06EF9650-A4EC-47E9-B512-6593F2581237}
		{0254B140-2E52-451C-94E5-E1588142D3B7} = {06EF9650-A4EC-47E9-B512-6593F2581237}
	EndGlobalSection
	GlobalSection(ExtensibilityGlobals) = postSolution
		SolutionGuid = {384484BE-4680-4529-9CC2-AD37BA4D12D1}
	EndGlobalSection
EndGlobal
